
Microsoft Visual Studio Solution File, Format Version 12.00
# Visual Studio Version 16
VisualStudioVersion = 16.0.30717.126
MinimumVisualStudioVersion = 15.0.26124.0
Project("{2150E333-8FDC-42A3-9474-1A3956D46DE8}") = "Solution Items", "Solution Items", "{2E5E3F99-7936-4F3B-974E-A98000D1564B}"
	ProjectSection(SolutionItems) = preProject
		.editorconfig = .editorconfig
	EndProjectSection
EndProject
Project("{2150E333-8FDC-42A3-9474-1A3956D46DE8}") = "Web", "Web", "{2ED11F7C-A247-48F6-99ED-CD0AA89C6A28}"
EndProject
Project("{FAE04EC0-301F-11D3-BF4B-00C04F79EFBC}") = "DevHive.Web", "Web\DevHive.Web\DevHive.Web.csproj", "{BD295280-3F69-4BDD-8715-526E9852930E}"
EndProject
Project("{2150E333-8FDC-42A3-9474-1A3956D46DE8}") = "Services", "Services", "{C94823A0-150D-49E0-9913-628FB5D67370}"
EndProject
Project("{FAE04EC0-301F-11D3-BF4B-00C04F79EFBC}") = "DevHive.Services", "Services\DevHive.Services\DevHive.Services.csproj", "{897281A2-C315-42DA-92CB-267DF91D8A4B}"
EndProject
Project("{2150E333-8FDC-42A3-9474-1A3956D46DE8}") = "Data", "Data", "{9A0158E8-834E-4B8C-B62B-2BF6FF0E3518}"
EndProject
Project("{FAE04EC0-301F-11D3-BF4B-00C04F79EFBC}") = "DevHive.Data", "Data\DevHive.Data\DevHive.Data.csproj", "{A28CAD8A-CDA9-42AD-8701-2DAE5D55EC9C}"
EndProject
Project("{FAE04EC0-301F-11D3-BF4B-00C04F79EFBC}") = "DevHive.Web.Tests", "Web\DevHive.Web.Tests\DevHive.Web.Tests.csproj", "{251A09C6-28CA-4E9E-B482-0B10ABE293FF}"
EndProject
Project("{FAE04EC0-301F-11D3-BF4B-00C04F79EFBC}") = "DevHive.Services.Tests", "Services\DevHive.Services.Tests\DevHive.Services.Tests.csproj", "{3E86ACCF-9F49-4D51-B152-4ACD6801211D}"
EndProject
Project("{FAE04EC0-301F-11D3-BF4B-00C04F79EFBC}") = "DevHive.Data.Tests", "Data\DevHive.Data.Tests\DevHive.Data.Tests.csproj", "{E6E401DC-43A0-4562-8584-4FA81FE0206C}"
EndProject
Project("{FAE04EC0-301F-11D3-BF4B-00C04F79EFBC}") = "DevHive.Web.Models", "Web\DevHive.Web.Models\DevHive.Web.Models.csproj", "{746A1043-A016-4CA6-953A-CECD02020E28}"
EndProject
Project("{FAE04EC0-301F-11D3-BF4B-00C04F79EFBC}") = "DevHive.Services.Models", "Services\DevHive.Services.Models\DevHive.Services.Models.csproj", "{2B1E8E07-9E8C-4FE5-ADA7-F67BCBDD1D17}"
EndProject
Project("{FAE04EC0-301F-11D3-BF4B-00C04F79EFBC}") = "DevHive.Data.Models", "Data\DevHive.Data.Models\DevHive.Data.Models.csproj", "{7FFECB5A-E23F-44E0-A978-416DBF075406}"
EndProject
Project("{2150E333-8FDC-42A3-9474-1A3956D46DE8}") = "Common", "Common", "{2C2D8ED7-CBBF-4E79-AC21-C932C6FA651B}"
EndProject
Project("{FAE04EC0-301F-11D3-BF4B-00C04F79EFBC}") = "DevHive.Common", "Common\DevHive.Common.Models\DevHive.Common.csproj", "{34E78E35-2476-4925-864A-467C2BC5042B}"
EndProject
Global
	GlobalSection(SolutionConfigurationPlatforms) = preSolution
		Debug|Any CPU = Debug|Any CPU
		Debug|x64 = Debug|x64
		Debug|x86 = Debug|x86
		Release|Any CPU = Release|Any CPU
		Release|x64 = Release|x64
		Release|x86 = Release|x86
	EndGlobalSection
	GlobalSection(ProjectConfigurationPlatforms) = postSolution
		{BD295280-3F69-4BDD-8715-526E9852930E}.Debug|Any CPU.ActiveCfg = Debug|Any CPU
		{BD295280-3F69-4BDD-8715-526E9852930E}.Debug|Any CPU.Build.0 = Debug|Any CPU
		{BD295280-3F69-4BDD-8715-526E9852930E}.Debug|x64.ActiveCfg = Debug|Any CPU
		{BD295280-3F69-4BDD-8715-526E9852930E}.Debug|x64.Build.0 = Debug|Any CPU
		{BD295280-3F69-4BDD-8715-526E9852930E}.Debug|x86.ActiveCfg = Debug|Any CPU
		{BD295280-3F69-4BDD-8715-526E9852930E}.Debug|x86.Build.0 = Debug|Any CPU
		{BD295280-3F69-4BDD-8715-526E9852930E}.Release|Any CPU.ActiveCfg = Release|Any CPU
		{BD295280-3F69-4BDD-8715-526E9852930E}.Release|Any CPU.Build.0 = Release|Any CPU
		{BD295280-3F69-4BDD-8715-526E9852930E}.Release|x64.ActiveCfg = Release|Any CPU
		{BD295280-3F69-4BDD-8715-526E9852930E}.Release|x64.Build.0 = Release|Any CPU
		{BD295280-3F69-4BDD-8715-526E9852930E}.Release|x86.ActiveCfg = Release|Any CPU
		{BD295280-3F69-4BDD-8715-526E9852930E}.Release|x86.Build.0 = Release|Any CPU
		{897281A2-C315-42DA-92CB-267DF91D8A4B}.Debug|Any CPU.ActiveCfg = Debug|Any CPU
		{897281A2-C315-42DA-92CB-267DF91D8A4B}.Debug|Any CPU.Build.0 = Debug|Any CPU
		{897281A2-C315-42DA-92CB-267DF91D8A4B}.Debug|x64.ActiveCfg = Debug|Any CPU
		{897281A2-C315-42DA-92CB-267DF91D8A4B}.Debug|x64.Build.0 = Debug|Any CPU
		{897281A2-C315-42DA-92CB-267DF91D8A4B}.Debug|x86.ActiveCfg = Debug|Any CPU
		{897281A2-C315-42DA-92CB-267DF91D8A4B}.Debug|x86.Build.0 = Debug|Any CPU
		{897281A2-C315-42DA-92CB-267DF91D8A4B}.Release|Any CPU.ActiveCfg = Release|Any CPU
		{897281A2-C315-42DA-92CB-267DF91D8A4B}.Release|Any CPU.Build.0 = Release|Any CPU
		{897281A2-C315-42DA-92CB-267DF91D8A4B}.Release|x64.ActiveCfg = Release|Any CPU
		{897281A2-C315-42DA-92CB-267DF91D8A4B}.Release|x64.Build.0 = Release|Any CPU
		{897281A2-C315-42DA-92CB-267DF91D8A4B}.Release|x86.ActiveCfg = Release|Any CPU
		{897281A2-C315-42DA-92CB-267DF91D8A4B}.Release|x86.Build.0 = Release|Any CPU
		{A28CAD8A-CDA9-42AD-8701-2DAE5D55EC9C}.Debug|Any CPU.ActiveCfg = Debug|Any CPU
		{A28CAD8A-CDA9-42AD-8701-2DAE5D55EC9C}.Debug|Any CPU.Build.0 = Debug|Any CPU
		{A28CAD8A-CDA9-42AD-8701-2DAE5D55EC9C}.Debug|x64.ActiveCfg = Debug|Any CPU
		{A28CAD8A-CDA9-42AD-8701-2DAE5D55EC9C}.Debug|x64.Build.0 = Debug|Any CPU
		{A28CAD8A-CDA9-42AD-8701-2DAE5D55EC9C}.Debug|x86.ActiveCfg = Debug|Any CPU
		{A28CAD8A-CDA9-42AD-8701-2DAE5D55EC9C}.Debug|x86.Build.0 = Debug|Any CPU
		{A28CAD8A-CDA9-42AD-8701-2DAE5D55EC9C}.Release|Any CPU.ActiveCfg = Release|Any CPU
		{A28CAD8A-CDA9-42AD-8701-2DAE5D55EC9C}.Release|Any CPU.Build.0 = Release|Any CPU
		{A28CAD8A-CDA9-42AD-8701-2DAE5D55EC9C}.Release|x64.ActiveCfg = Release|Any CPU
		{A28CAD8A-CDA9-42AD-8701-2DAE5D55EC9C}.Release|x64.Build.0 = Release|Any CPU
		{A28CAD8A-CDA9-42AD-8701-2DAE5D55EC9C}.Release|x86.ActiveCfg = Release|Any CPU
		{A28CAD8A-CDA9-42AD-8701-2DAE5D55EC9C}.Release|x86.Build.0 = Release|Any CPU
		{251A09C6-28CA-4E9E-B482-0B10ABE293FF}.Debug|Any CPU.ActiveCfg = Debug|Any CPU
		{251A09C6-28CA-4E9E-B482-0B10ABE293FF}.Debug|Any CPU.Build.0 = Debug|Any CPU
		{251A09C6-28CA-4E9E-B482-0B10ABE293FF}.Debug|x64.ActiveCfg = Debug|Any CPU
		{251A09C6-28CA-4E9E-B482-0B10ABE293FF}.Debug|x64.Build.0 = Debug|Any CPU
		{251A09C6-28CA-4E9E-B482-0B10ABE293FF}.Debug|x86.ActiveCfg = Debug|Any CPU
		{251A09C6-28CA-4E9E-B482-0B10ABE293FF}.Debug|x86.Build.0 = Debug|Any CPU
		{251A09C6-28CA-4E9E-B482-0B10ABE293FF}.Release|Any CPU.ActiveCfg = Release|Any CPU
		{251A09C6-28CA-4E9E-B482-0B10ABE293FF}.Release|Any CPU.Build.0 = Release|Any CPU
		{251A09C6-28CA-4E9E-B482-0B10ABE293FF}.Release|x64.ActiveCfg = Release|Any CPU
		{251A09C6-28CA-4E9E-B482-0B10ABE293FF}.Release|x64.Build.0 = Release|Any CPU
		{251A09C6-28CA-4E9E-B482-0B10ABE293FF}.Release|x86.ActiveCfg = Release|Any CPU
		{251A09C6-28CA-4E9E-B482-0B10ABE293FF}.Release|x86.Build.0 = Release|Any CPU
		{3E86ACCF-9F49-4D51-B152-4ACD6801211D}.Debug|Any CPU.ActiveCfg = Debug|Any CPU
		{3E86ACCF-9F49-4D51-B152-4ACD6801211D}.Debug|Any CPU.Build.0 = Debug|Any CPU
		{3E86ACCF-9F49-4D51-B152-4ACD6801211D}.Debug|x64.ActiveCfg = Debug|Any CPU
		{3E86ACCF-9F49-4D51-B152-4ACD6801211D}.Debug|x64.Build.0 = Debug|Any CPU
		{3E86ACCF-9F49-4D51-B152-4ACD6801211D}.Debug|x86.ActiveCfg = Debug|Any CPU
		{3E86ACCF-9F49-4D51-B152-4ACD6801211D}.Debug|x86.Build.0 = Debug|Any CPU
		{3E86ACCF-9F49-4D51-B152-4ACD6801211D}.Release|Any CPU.ActiveCfg = Release|Any CPU
		{3E86ACCF-9F49-4D51-B152-4ACD6801211D}.Release|Any CPU.Build.0 = Release|Any CPU
		{3E86ACCF-9F49-4D51-B152-4ACD6801211D}.Release|x64.ActiveCfg = Release|Any CPU
		{3E86ACCF-9F49-4D51-B152-4ACD6801211D}.Release|x64.Build.0 = Release|Any CPU
		{3E86ACCF-9F49-4D51-B152-4ACD6801211D}.Release|x86.ActiveCfg = Release|Any CPU
		{3E86ACCF-9F49-4D51-B152-4ACD6801211D}.Release|x86.Build.0 = Release|Any CPU
		{E6E401DC-43A0-4562-8584-4FA81FE0206C}.Debug|Any CPU.ActiveCfg = Debug|Any CPU
		{E6E401DC-43A0-4562-8584-4FA81FE0206C}.Debug|Any CPU.Build.0 = Debug|Any CPU
		{E6E401DC-43A0-4562-8584-4FA81FE0206C}.Debug|x64.ActiveCfg = Debug|Any CPU
		{E6E401DC-43A0-4562-8584-4FA81FE0206C}.Debug|x64.Build.0 = Debug|Any CPU
		{E6E401DC-43A0-4562-8584-4FA81FE0206C}.Debug|x86.ActiveCfg = Debug|Any CPU
		{E6E401DC-43A0-4562-8584-4FA81FE0206C}.Debug|x86.Build.0 = Debug|Any CPU
		{E6E401DC-43A0-4562-8584-4FA81FE0206C}.Release|Any CPU.ActiveCfg = Release|Any CPU
		{E6E401DC-43A0-4562-8584-4FA81FE0206C}.Release|Any CPU.Build.0 = Release|Any CPU
		{E6E401DC-43A0-4562-8584-4FA81FE0206C}.Release|x64.ActiveCfg = Release|Any CPU
		{E6E401DC-43A0-4562-8584-4FA81FE0206C}.Release|x64.Build.0 = Release|Any CPU
		{E6E401DC-43A0-4562-8584-4FA81FE0206C}.Release|x86.ActiveCfg = Release|Any CPU
		{E6E401DC-43A0-4562-8584-4FA81FE0206C}.Release|x86.Build.0 = Release|Any CPU
		{746A1043-A016-4CA6-953A-CECD02020E28}.Debug|Any CPU.ActiveCfg = Debug|Any CPU
		{746A1043-A016-4CA6-953A-CECD02020E28}.Debug|Any CPU.Build.0 = Debug|Any CPU
		{746A1043-A016-4CA6-953A-CECD02020E28}.Debug|x64.ActiveCfg = Debug|Any CPU
		{746A1043-A016-4CA6-953A-CECD02020E28}.Debug|x64.Build.0 = Debug|Any CPU
		{746A1043-A016-4CA6-953A-CECD02020E28}.Debug|x86.ActiveCfg = Debug|Any CPU
		{746A1043-A016-4CA6-953A-CECD02020E28}.Debug|x86.Build.0 = Debug|Any CPU
		{746A1043-A016-4CA6-953A-CECD02020E28}.Release|Any CPU.ActiveCfg = Release|Any CPU
		{746A1043-A016-4CA6-953A-CECD02020E28}.Release|Any CPU.Build.0 = Release|Any CPU
		{746A1043-A016-4CA6-953A-CECD02020E28}.Release|x64.ActiveCfg = Release|Any CPU
		{746A1043-A016-4CA6-953A-CECD02020E28}.Release|x64.Build.0 = Release|Any CPU
		{746A1043-A016-4CA6-953A-CECD02020E28}.Release|x86.ActiveCfg = Release|Any CPU
		{746A1043-A016-4CA6-953A-CECD02020E28}.Release|x86.Build.0 = Release|Any CPU
		{2B1E8E07-9E8C-4FE5-ADA7-F67BCBDD1D17}.Debug|Any CPU.ActiveCfg = Debug|Any CPU
		{2B1E8E07-9E8C-4FE5-ADA7-F67BCBDD1D17}.Debug|Any CPU.Build.0 = Debug|Any CPU
		{2B1E8E07-9E8C-4FE5-ADA7-F67BCBDD1D17}.Debug|x64.ActiveCfg = Debug|Any CPU
		{2B1E8E07-9E8C-4FE5-ADA7-F67BCBDD1D17}.Debug|x64.Build.0 = Debug|Any CPU
		{2B1E8E07-9E8C-4FE5-ADA7-F67BCBDD1D17}.Debug|x86.ActiveCfg = Debug|Any CPU
		{2B1E8E07-9E8C-4FE5-ADA7-F67BCBDD1D17}.Debug|x86.Build.0 = Debug|Any CPU
		{2B1E8E07-9E8C-4FE5-ADA7-F67BCBDD1D17}.Release|Any CPU.ActiveCfg = Release|Any CPU
		{2B1E8E07-9E8C-4FE5-ADA7-F67BCBDD1D17}.Release|Any CPU.Build.0 = Release|Any CPU
		{2B1E8E07-9E8C-4FE5-ADA7-F67BCBDD1D17}.Release|x64.ActiveCfg = Release|Any CPU
		{2B1E8E07-9E8C-4FE5-ADA7-F67BCBDD1D17}.Release|x64.Build.0 = Release|Any CPU
		{2B1E8E07-9E8C-4FE5-ADA7-F67BCBDD1D17}.Release|x86.ActiveCfg = Release|Any CPU
		{2B1E8E07-9E8C-4FE5-ADA7-F67BCBDD1D17}.Release|x86.Build.0 = Release|Any CPU
		{7FFECB5A-E23F-44E0-A978-416DBF075406}.Debug|Any CPU.ActiveCfg = Debug|Any CPU
		{7FFECB5A-E23F-44E0-A978-416DBF075406}.Debug|Any CPU.Build.0 = Debug|Any CPU
		{7FFECB5A-E23F-44E0-A978-416DBF075406}.Debug|x64.ActiveCfg = Debug|Any CPU
		{7FFECB5A-E23F-44E0-A978-416DBF075406}.Debug|x64.Build.0 = Debug|Any CPU
		{7FFECB5A-E23F-44E0-A978-416DBF075406}.Debug|x86.ActiveCfg = Debug|Any CPU
		{7FFECB5A-E23F-44E0-A978-416DBF075406}.Debug|x86.Build.0 = Debug|Any CPU
		{7FFECB5A-E23F-44E0-A978-416DBF075406}.Release|Any CPU.ActiveCfg = Release|Any CPU
		{7FFECB5A-E23F-44E0-A978-416DBF075406}.Release|Any CPU.Build.0 = Release|Any CPU
		{7FFECB5A-E23F-44E0-A978-416DBF075406}.Release|x64.ActiveCfg = Release|Any CPU
		{7FFECB5A-E23F-44E0-A978-416DBF075406}.Release|x64.Build.0 = Release|Any CPU
		{7FFECB5A-E23F-44E0-A978-416DBF075406}.Release|x86.ActiveCfg = Release|Any CPU
		{7FFECB5A-E23F-44E0-A978-416DBF075406}.Release|x86.Build.0 = Release|Any CPU
		{34E78E35-2476-4925-864A-467C2BC5042B}.Debug|Any CPU.ActiveCfg = Debug|Any CPU
		{34E78E35-2476-4925-864A-467C2BC5042B}.Debug|Any CPU.Build.0 = Debug|Any CPU
		{34E78E35-2476-4925-864A-467C2BC5042B}.Debug|x64.ActiveCfg = Debug|Any CPU
		{34E78E35-2476-4925-864A-467C2BC5042B}.Debug|x64.Build.0 = Debug|Any CPU
		{34E78E35-2476-4925-864A-467C2BC5042B}.Debug|x86.ActiveCfg = Debug|Any CPU
		{34E78E35-2476-4925-864A-467C2BC5042B}.Debug|x86.Build.0 = Debug|Any CPU
		{34E78E35-2476-4925-864A-467C2BC5042B}.Release|Any CPU.ActiveCfg = Release|Any CPU
		{34E78E35-2476-4925-864A-467C2BC5042B}.Release|Any CPU.Build.0 = Release|Any CPU
		{34E78E35-2476-4925-864A-467C2BC5042B}.Release|x64.ActiveCfg = Release|Any CPU
		{34E78E35-2476-4925-864A-467C2BC5042B}.Release|x64.Build.0 = Release|Any CPU
		{34E78E35-2476-4925-864A-467C2BC5042B}.Release|x86.ActiveCfg = Release|Any CPU
		{34E78E35-2476-4925-864A-467C2BC5042B}.Release|x86.Build.0 = Release|Any CPU
	EndGlobalSection
	GlobalSection(SolutionProperties) = preSolution
		HideSolutionNode = FALSE
	EndGlobalSection
	GlobalSection(NestedProjects) = preSolution
		{BD295280-3F69-4BDD-8715-526E9852930E} = {2ED11F7C-A247-48F6-99ED-CD0AA89C6A28}
		{897281A2-C315-42DA-92CB-267DF91D8A4B} = {C94823A0-150D-49E0-9913-628FB5D67370}
		{A28CAD8A-CDA9-42AD-8701-2DAE5D55EC9C} = {9A0158E8-834E-4B8C-B62B-2BF6FF0E3518}
		{251A09C6-28CA-4E9E-B482-0B10ABE293FF} = {2ED11F7C-A247-48F6-99ED-CD0AA89C6A28}
		{3E86ACCF-9F49-4D51-B152-4ACD6801211D} = {C94823A0-150D-49E0-9913-628FB5D67370}
		{E6E401DC-43A0-4562-8584-4FA81FE0206C} = {9A0158E8-834E-4B8C-B62B-2BF6FF0E3518}
		{746A1043-A016-4CA6-953A-CECD02020E28} = {2ED11F7C-A247-48F6-99ED-CD0AA89C6A28}
		{2B1E8E07-9E8C-4FE5-ADA7-F67BCBDD1D17} = {C94823A0-150D-49E0-9913-628FB5D67370}
		{7FFECB5A-E23F-44E0-A978-416DBF075406} = {9A0158E8-834E-4B8C-B62B-2BF6FF0E3518}
		{34E78E35-2476-4925-864A-467C2BC5042B} = {2C2D8ED7-CBBF-4E79-AC21-C932C6FA651B}
	EndGlobalSection
	GlobalSection(ExtensibilityGlobals) = postSolution
		SolutionGuid = {0F5395E8-26FB-40FD-83A1-EE7766C5E398}
	EndGlobalSection
EndGlobal
