
Microsoft Visual Studio Solution File, Format Version 12.00
# Visual Studio 15
VisualStudioVersion = 15.0.26124.0
MinimumVisualStudioVersion = 15.0.26124.0
Project("{2150E333-8FDC-42A3-9474-1A3956D46DE8}") = "Data", "Data", "{0C2AC7A9-AC68-4668-B88E-9370C596F498}"
EndProject
Project("{FAE04EC0-301F-11D3-BF4B-00C04F79EFBC}") = "DevHive.Data", "Data\DevHive.Data\DevHive.Data.csproj", "{70D0903D-C65F-4600-B6F8-F7BD00500A51}"
EndProject
Project("{FAE04EC0-301F-11D3-BF4B-00C04F79EFBC}") = "DevHive.Data.Models", "Data\DevHive.Data.Models\DevHive.Data.Models.csproj", "{56F85916-3955-4558-8809-376D20902B94}"
EndProject
Project("{FAE04EC0-301F-11D3-BF4B-00C04F79EFBC}") = "DevHive.Data.Tests", "Data\DevHive.Data.Tests\DevHive.Data.Tests.csproj", "{F056B3F1-B72D-4935-87EA-F7BFEA96AFB0}"
EndProject
Project("{2150E333-8FDC-42A3-9474-1A3956D46DE8}") = "Common", "Common", "{F2864A9D-70F1-452F-AAAC-AAFD8102ABAD}"
EndProject
Project("{FAE04EC0-301F-11D3-BF4B-00C04F79EFBC}") = "DevHive.Common", "Common\DevHive.Common.Models\DevHive.Common.csproj", "{5C3DFE9B-9690-475E-A0AE-D62315D38337}"
EndProject
Project("{2150E333-8FDC-42A3-9474-1A3956D46DE8}") = "Services", "Services", "{7CA79114-C359-4871-BFA7-0EA898B50AE4}"
EndProject
Project("{FAE04EC0-301F-11D3-BF4B-00C04F79EFBC}") = "DevHive.Services", "Services\DevHive.Services\DevHive.Services.csproj", "{B5F22590-E3CE-4595-BE48-AA7F1797A6B8}"
EndProject
Project("{FAE04EC0-301F-11D3-BF4B-00C04F79EFBC}") = "DevHive.Services.Models", "Services\DevHive.Services.Models\DevHive.Services.Models.csproj", "{2FFF985B-A26F-443D-A159-62ED2FD5A2BC}"
EndProject
Project("{FAE04EC0-301F-11D3-BF4B-00C04F79EFBC}") = "DevHive.Services.Tests", "Services\DevHive.Services.Tests\DevHive.Services.Tests.csproj", "{6E58003B-E5E8-4AA4-8F70-A9442BBFC110}"
EndProject
Project("{2150E333-8FDC-42A3-9474-1A3956D46DE8}") = "Web", "Web", "{768A592D-58EA-4CD3-A053-2E8F2DC7708A}"
EndProject
Project("{FAE04EC0-301F-11D3-BF4B-00C04F79EFBC}") = "DevHive.Web", "Web\DevHive.Web\DevHive.Web.csproj", "{A6D35BD9-A2A4-4937-89A8-DCB0D610B04A}"
EndProject
Project("{FAE04EC0-301F-11D3-BF4B-00C04F79EFBC}") = "DevHive.Web.Models", "Web\DevHive.Web.Models\DevHive.Web.Models.csproj", "{D8C898F7-A0DE-4939-8708-3D4A5C383EFC}"
EndProject
Project("{FAE04EC0-301F-11D3-BF4B-00C04F79EFBC}") = "DevHive.Web.Tests", "Web\DevHive.Web.Tests\DevHive.Web.Tests.csproj", "{608273FF-01ED-48B3-B912-66CCDBF5572E}"
EndProject
Global
	GlobalSection(SolutionConfigurationPlatforms) = preSolution
		Debug|Any CPU = Debug|Any CPU
		Debug|x64 = Debug|x64
		Debug|x86 = Debug|x86
		Release|Any CPU = Release|Any CPU
		Release|x64 = Release|x64
		Release|x86 = Release|x86
	EndGlobalSection
	GlobalSection(SolutionProperties) = preSolution
		HideSolutionNode = FALSE
	EndGlobalSection
	GlobalSection(ProjectConfigurationPlatforms) = postSolution
		{70D0903D-C65F-4600-B6F8-F7BD00500A51}.Debug|Any CPU.ActiveCfg = Debug|Any CPU
		{70D0903D-C65F-4600-B6F8-F7BD00500A51}.Debug|Any CPU.Build.0 = Debug|Any CPU
		{70D0903D-C65F-4600-B6F8-F7BD00500A51}.Debug|x64.ActiveCfg = Debug|Any CPU
		{70D0903D-C65F-4600-B6F8-F7BD00500A51}.Debug|x64.Build.0 = Debug|Any CPU
		{70D0903D-C65F-4600-B6F8-F7BD00500A51}.Debug|x86.ActiveCfg = Debug|Any CPU
		{70D0903D-C65F-4600-B6F8-F7BD00500A51}.Debug|x86.Build.0 = Debug|Any CPU
		{70D0903D-C65F-4600-B6F8-F7BD00500A51}.Release|Any CPU.ActiveCfg = Release|Any CPU
		{70D0903D-C65F-4600-B6F8-F7BD00500A51}.Release|Any CPU.Build.0 = Release|Any CPU
		{70D0903D-C65F-4600-B6F8-F7BD00500A51}.Release|x64.ActiveCfg = Release|Any CPU
		{70D0903D-C65F-4600-B6F8-F7BD00500A51}.Release|x64.Build.0 = Release|Any CPU
		{70D0903D-C65F-4600-B6F8-F7BD00500A51}.Release|x86.ActiveCfg = Release|Any CPU
		{70D0903D-C65F-4600-B6F8-F7BD00500A51}.Release|x86.Build.0 = Release|Any CPU
		{56F85916-3955-4558-8809-376D20902B94}.Debug|Any CPU.ActiveCfg = Debug|Any CPU
		{56F85916-3955-4558-8809-376D20902B94}.Debug|Any CPU.Build.0 = Debug|Any CPU
		{56F85916-3955-4558-8809-376D20902B94}.Debug|x64.ActiveCfg = Debug|Any CPU
		{56F85916-3955-4558-8809-376D20902B94}.Debug|x64.Build.0 = Debug|Any CPU
		{56F85916-3955-4558-8809-376D20902B94}.Debug|x86.ActiveCfg = Debug|Any CPU
		{56F85916-3955-4558-8809-376D20902B94}.Debug|x86.Build.0 = Debug|Any CPU
		{56F85916-3955-4558-8809-376D20902B94}.Release|Any CPU.ActiveCfg = Release|Any CPU
		{56F85916-3955-4558-8809-376D20902B94}.Release|Any CPU.Build.0 = Release|Any CPU
		{56F85916-3955-4558-8809-376D20902B94}.Release|x64.ActiveCfg = Release|Any CPU
		{56F85916-3955-4558-8809-376D20902B94}.Release|x64.Build.0 = Release|Any CPU
		{56F85916-3955-4558-8809-376D20902B94}.Release|x86.ActiveCfg = Release|Any CPU
		{56F85916-3955-4558-8809-376D20902B94}.Release|x86.Build.0 = Release|Any CPU
		{F056B3F1-B72D-4935-87EA-F7BFEA96AFB0}.Debug|Any CPU.ActiveCfg = Debug|Any CPU
		{F056B3F1-B72D-4935-87EA-F7BFEA96AFB0}.Debug|Any CPU.Build.0 = Debug|Any CPU
		{F056B3F1-B72D-4935-87EA-F7BFEA96AFB0}.Debug|x64.ActiveCfg = Debug|Any CPU
		{F056B3F1-B72D-4935-87EA-F7BFEA96AFB0}.Debug|x64.Build.0 = Debug|Any CPU
		{F056B3F1-B72D-4935-87EA-F7BFEA96AFB0}.Debug|x86.ActiveCfg = Debug|Any CPU
		{F056B3F1-B72D-4935-87EA-F7BFEA96AFB0}.Debug|x86.Build.0 = Debug|Any CPU
		{F056B3F1-B72D-4935-87EA-F7BFEA96AFB0}.Release|Any CPU.ActiveCfg = Release|Any CPU
		{F056B3F1-B72D-4935-87EA-F7BFEA96AFB0}.Release|Any CPU.Build.0 = Release|Any CPU
		{F056B3F1-B72D-4935-87EA-F7BFEA96AFB0}.Release|x64.ActiveCfg = Release|Any CPU
		{F056B3F1-B72D-4935-87EA-F7BFEA96AFB0}.Release|x64.Build.0 = Release|Any CPU
		{F056B3F1-B72D-4935-87EA-F7BFEA96AFB0}.Release|x86.ActiveCfg = Release|Any CPU
		{F056B3F1-B72D-4935-87EA-F7BFEA96AFB0}.Release|x86.Build.0 = Release|Any CPU
		{5C3DFE9B-9690-475E-A0AE-D62315D38337}.Debug|Any CPU.ActiveCfg = Debug|Any CPU
		{5C3DFE9B-9690-475E-A0AE-D62315D38337}.Debug|Any CPU.Build.0 = Debug|Any CPU
		{5C3DFE9B-9690-475E-A0AE-D62315D38337}.Debug|x64.ActiveCfg = Debug|Any CPU
		{5C3DFE9B-9690-475E-A0AE-D62315D38337}.Debug|x64.Build.0 = Debug|Any CPU
		{5C3DFE9B-9690-475E-A0AE-D62315D38337}.Debug|x86.ActiveCfg = Debug|Any CPU
		{5C3DFE9B-9690-475E-A0AE-D62315D38337}.Debug|x86.Build.0 = Debug|Any CPU
		{5C3DFE9B-9690-475E-A0AE-D62315D38337}.Release|Any CPU.ActiveCfg = Release|Any CPU
		{5C3DFE9B-9690-475E-A0AE-D62315D38337}.Release|Any CPU.Build.0 = Release|Any CPU
		{5C3DFE9B-9690-475E-A0AE-D62315D38337}.Release|x64.ActiveCfg = Release|Any CPU
		{5C3DFE9B-9690-475E-A0AE-D62315D38337}.Release|x64.Build.0 = Release|Any CPU
		{5C3DFE9B-9690-475E-A0AE-D62315D38337}.Release|x86.ActiveCfg = Release|Any CPU
		{5C3DFE9B-9690-475E-A0AE-D62315D38337}.Release|x86.Build.0 = Release|Any CPU
		{B5F22590-E3CE-4595-BE48-AA7F1797A6B8}.Debug|Any CPU.ActiveCfg = Debug|Any CPU
		{B5F22590-E3CE-4595-BE48-AA7F1797A6B8}.Debug|Any CPU.Build.0 = Debug|Any CPU
		{B5F22590-E3CE-4595-BE48-AA7F1797A6B8}.Debug|x64.ActiveCfg = Debug|Any CPU
		{B5F22590-E3CE-4595-BE48-AA7F1797A6B8}.Debug|x64.Build.0 = Debug|Any CPU
		{B5F22590-E3CE-4595-BE48-AA7F1797A6B8}.Debug|x86.ActiveCfg = Debug|Any CPU
		{B5F22590-E3CE-4595-BE48-AA7F1797A6B8}.Debug|x86.Build.0 = Debug|Any CPU
		{B5F22590-E3CE-4595-BE48-AA7F1797A6B8}.Release|Any CPU.ActiveCfg = Release|Any CPU
		{B5F22590-E3CE-4595-BE48-AA7F1797A6B8}.Release|Any CPU.Build.0 = Release|Any CPU
		{B5F22590-E3CE-4595-BE48-AA7F1797A6B8}.Release|x64.ActiveCfg = Release|Any CPU
		{B5F22590-E3CE-4595-BE48-AA7F1797A6B8}.Release|x64.Build.0 = Release|Any CPU
		{B5F22590-E3CE-4595-BE48-AA7F1797A6B8}.Release|x86.ActiveCfg = Release|Any CPU
		{B5F22590-E3CE-4595-BE48-AA7F1797A6B8}.Release|x86.Build.0 = Release|Any CPU
		{2FFF985B-A26F-443D-A159-62ED2FD5A2BC}.Debug|Any CPU.ActiveCfg = Debug|Any CPU
		{2FFF985B-A26F-443D-A159-62ED2FD5A2BC}.Debug|Any CPU.Build.0 = Debug|Any CPU
		{2FFF985B-A26F-443D-A159-62ED2FD5A2BC}.Debug|x64.ActiveCfg = Debug|Any CPU
		{2FFF985B-A26F-443D-A159-62ED2FD5A2BC}.Debug|x64.Build.0 = Debug|Any CPU
		{2FFF985B-A26F-443D-A159-62ED2FD5A2BC}.Debug|x86.ActiveCfg = Debug|Any CPU
		{2FFF985B-A26F-443D-A159-62ED2FD5A2BC}.Debug|x86.Build.0 = Debug|Any CPU
		{2FFF985B-A26F-443D-A159-62ED2FD5A2BC}.Release|Any CPU.ActiveCfg = Release|Any CPU
		{2FFF985B-A26F-443D-A159-62ED2FD5A2BC}.Release|Any CPU.Build.0 = Release|Any CPU
		{2FFF985B-A26F-443D-A159-62ED2FD5A2BC}.Release|x64.ActiveCfg = Release|Any CPU
		{2FFF985B-A26F-443D-A159-62ED2FD5A2BC}.Release|x64.Build.0 = Release|Any CPU
		{2FFF985B-A26F-443D-A159-62ED2FD5A2BC}.Release|x86.ActiveCfg = Release|Any CPU
		{2FFF985B-A26F-443D-A159-62ED2FD5A2BC}.Release|x86.Build.0 = Release|Any CPU
		{6E58003B-E5E8-4AA4-8F70-A9442BBFC110}.Debug|Any CPU.ActiveCfg = Debug|Any CPU
		{6E58003B-E5E8-4AA4-8F70-A9442BBFC110}.Debug|Any CPU.Build.0 = Debug|Any CPU
		{6E58003B-E5E8-4AA4-8F70-A9442BBFC110}.Debug|x64.ActiveCfg = Debug|Any CPU
		{6E58003B-E5E8-4AA4-8F70-A9442BBFC110}.Debug|x64.Build.0 = Debug|Any CPU
		{6E58003B-E5E8-4AA4-8F70-A9442BBFC110}.Debug|x86.ActiveCfg = Debug|Any CPU
		{6E58003B-E5E8-4AA4-8F70-A9442BBFC110}.Debug|x86.Build.0 = Debug|Any CPU
		{6E58003B-E5E8-4AA4-8F70-A9442BBFC110}.Release|Any CPU.ActiveCfg = Release|Any CPU
		{6E58003B-E5E8-4AA4-8F70-A9442BBFC110}.Release|Any CPU.Build.0 = Release|Any CPU
		{6E58003B-E5E8-4AA4-8F70-A9442BBFC110}.Release|x64.ActiveCfg = Release|Any CPU
		{6E58003B-E5E8-4AA4-8F70-A9442BBFC110}.Release|x64.Build.0 = Release|Any CPU
		{6E58003B-E5E8-4AA4-8F70-A9442BBFC110}.Release|x86.ActiveCfg = Release|Any CPU
		{6E58003B-E5E8-4AA4-8F70-A9442BBFC110}.Release|x86.Build.0 = Release|Any CPU
		{A6D35BD9-A2A4-4937-89A8-DCB0D610B04A}.Debug|Any CPU.ActiveCfg = Debug|Any CPU
		{A6D35BD9-A2A4-4937-89A8-DCB0D610B04A}.Debug|Any CPU.Build.0 = Debug|Any CPU
		{A6D35BD9-A2A4-4937-89A8-DCB0D610B04A}.Debug|x64.ActiveCfg = Debug|Any CPU
		{A6D35BD9-A2A4-4937-89A8-DCB0D610B04A}.Debug|x64.Build.0 = Debug|Any CPU
		{A6D35BD9-A2A4-4937-89A8-DCB0D610B04A}.Debug|x86.ActiveCfg = Debug|Any CPU
		{A6D35BD9-A2A4-4937-89A8-DCB0D610B04A}.Debug|x86.Build.0 = Debug|Any CPU
		{A6D35BD9-A2A4-4937-89A8-DCB0D610B04A}.Release|Any CPU.ActiveCfg = Release|Any CPU
		{A6D35BD9-A2A4-4937-89A8-DCB0D610B04A}.Release|Any CPU.Build.0 = Release|Any CPU
		{A6D35BD9-A2A4-4937-89A8-DCB0D610B04A}.Release|x64.ActiveCfg = Release|Any CPU
		{A6D35BD9-A2A4-4937-89A8-DCB0D610B04A}.Release|x64.Build.0 = Release|Any CPU
		{A6D35BD9-A2A4-4937-89A8-DCB0D610B04A}.Release|x86.ActiveCfg = Release|Any CPU
		{A6D35BD9-A2A4-4937-89A8-DCB0D610B04A}.Release|x86.Build.0 = Release|Any CPU
		{D8C898F7-A0DE-4939-8708-3D4A5C383EFC}.Debug|Any CPU.ActiveCfg = Debug|Any CPU
		{D8C898F7-A0DE-4939-8708-3D4A5C383EFC}.Debug|Any CPU.Build.0 = Debug|Any CPU
		{D8C898F7-A0DE-4939-8708-3D4A5C383EFC}.Debug|x64.ActiveCfg = Debug|Any CPU
		{D8C898F7-A0DE-4939-8708-3D4A5C383EFC}.Debug|x64.Build.0 = Debug|Any CPU
		{D8C898F7-A0DE-4939-8708-3D4A5C383EFC}.Debug|x86.ActiveCfg = Debug|Any CPU
		{D8C898F7-A0DE-4939-8708-3D4A5C383EFC}.Debug|x86.Build.0 = Debug|Any CPU
		{D8C898F7-A0DE-4939-8708-3D4A5C383EFC}.Release|Any CPU.ActiveCfg = Release|Any CPU
		{D8C898F7-A0DE-4939-8708-3D4A5C383EFC}.Release|Any CPU.Build.0 = Release|Any CPU
		{D8C898F7-A0DE-4939-8708-3D4A5C383EFC}.Release|x64.ActiveCfg = Release|Any CPU
		{D8C898F7-A0DE-4939-8708-3D4A5C383EFC}.Release|x64.Build.0 = Release|Any CPU
		{D8C898F7-A0DE-4939-8708-3D4A5C383EFC}.Release|x86.ActiveCfg = Release|Any CPU
		{D8C898F7-A0DE-4939-8708-3D4A5C383EFC}.Release|x86.Build.0 = Release|Any CPU
		{608273FF-01ED-48B3-B912-66CCDBF5572E}.Debug|Any CPU.ActiveCfg = Debug|Any CPU
		{608273FF-01ED-48B3-B912-66CCDBF5572E}.Debug|Any CPU.Build.0 = Debug|Any CPU
		{608273FF-01ED-48B3-B912-66CCDBF5572E}.Debug|x64.ActiveCfg = Debug|Any CPU
		{608273FF-01ED-48B3-B912-66CCDBF5572E}.Debug|x64.Build.0 = Debug|Any CPU
		{608273FF-01ED-48B3-B912-66CCDBF5572E}.Debug|x86.ActiveCfg = Debug|Any CPU
		{608273FF-01ED-48B3-B912-66CCDBF5572E}.Debug|x86.Build.0 = Debug|Any CPU
		{608273FF-01ED-48B3-B912-66CCDBF5572E}.Release|Any CPU.ActiveCfg = Release|Any CPU
		{608273FF-01ED-48B3-B912-66CCDBF5572E}.Release|Any CPU.Build.0 = Release|Any CPU
		{608273FF-01ED-48B3-B912-66CCDBF5572E}.Release|x64.ActiveCfg = Release|Any CPU
		{608273FF-01ED-48B3-B912-66CCDBF5572E}.Release|x64.Build.0 = Release|Any CPU
		{608273FF-01ED-48B3-B912-66CCDBF5572E}.Release|x86.ActiveCfg = Release|Any CPU
		{608273FF-01ED-48B3-B912-66CCDBF5572E}.Release|x86.Build.0 = Release|Any CPU
	EndGlobalSection
	GlobalSection(NestedProjects) = preSolution
		{70D0903D-C65F-4600-B6F8-F7BD00500A51} = {0C2AC7A9-AC68-4668-B88E-9370C596F498}
		{56F85916-3955-4558-8809-376D20902B94} = {0C2AC7A9-AC68-4668-B88E-9370C596F498}
		{F056B3F1-B72D-4935-87EA-F7BFEA96AFB0} = {0C2AC7A9-AC68-4668-B88E-9370C596F498}
		{5C3DFE9B-9690-475E-A0AE-D62315D38337} = {F2864A9D-70F1-452F-AAAC-AAFD8102ABAD}
		{B5F22590-E3CE-4595-BE48-AA7F1797A6B8} = {7CA79114-C359-4871-BFA7-0EA898B50AE4}
		{2FFF985B-A26F-443D-A159-62ED2FD5A2BC} = {7CA79114-C359-4871-BFA7-0EA898B50AE4}
		{6E58003B-E5E8-4AA4-8F70-A9442BBFC110} = {7CA79114-C359-4871-BFA7-0EA898B50AE4}
		{A6D35BD9-A2A4-4937-89A8-DCB0D610B04A} = {768A592D-58EA-4CD3-A053-2E8F2DC7708A}
		{D8C898F7-A0DE-4939-8708-3D4A5C383EFC} = {768A592D-58EA-4CD3-A053-2E8F2DC7708A}
		{608273FF-01ED-48B3-B912-66CCDBF5572E} = {768A592D-58EA-4CD3-A053-2E8F2DC7708A}
	EndGlobalSection
EndGlobal
